<Solution>
    <Project Path="ConsoleApp1/ConsoleApp1.csproj" />
    <Project Path="KgTest/KgTest.csproj" />
    <Project Path="KgWebApi.Net/KgWebApi.Net.csproj" />
    <Project Path="KuGou.Audio.Native/KuGou.Audio.Native.csproj" />
    <Project Path="KuGou.Audio/KuGou.Audio.csproj" />
    <Project Path="KuGou.Net/KuGou.Net.csproj" />
    <Project Path="TestMusic/TestMusic.csproj" />
</Solution>
